
Microsoft Visual Studio Solution File, Format Version 12.00
# Visual Studio Version 16
VisualStudioVersion = 16.0.30907.101
MinimumVisualStudioVersion = 10.0.40219.1
Project("{FAE04EC0-301F-11D3-BF4B-00C04F79EFBC}") = "PkmAutoName", "PkmAutoName\PkmAutoName.csproj", "{DC76ED08-AA8B-4B08-8F86-989F331D326A}"
EndProject
Global
	GlobalSection(SolutionConfigurationPlatforms) = preSolution
		Debug|Any CPU = Debug|Any CPU
		Release|Any CPU = Release|Any CPU
	EndGlobalSection
	GlobalSection(ProjectConfigurationPlatforms) = postSolution
		{DC76ED08-AA8B-4B08-8F86-989F331D326A}.Debug|Any CPU.ActiveCfg = Debug|Any CPU
		{DC76ED08-AA8B-4B08-8F86-989F331D326A}.Debug|Any CPU.Build.0 = Debug|Any CPU
		{DC76ED08-AA8B-4B08-8F86-989F331D326A}.Release|Any CPU.ActiveCfg = Release|Any CPU
		{DC76ED08-AA8B-4B08-8F86-989F331D326A}.Release|Any CPU.Build.0 = Release|Any CPU
	EndGlobalSection
	GlobalSection(SolutionProperties) = preSolution
		HideSolutionNode = FALSE
	EndGlobalSection
	GlobalSection(ExtensibilityGlobals) = postSolution
		SolutionGuid = {842A5183-1BC9-4125-992E-26AAD5D0F4CF}
	EndGlobalSection
EndGlobal
